
Microsoft Visual Studio Solution File, Format Version 12.00
# Visual Studio Version 17
VisualStudioVersion = 17.9.34728.123
MinimumVisualStudioVersion = 10.0.40219.1
Project("{9A19103F-16F7-4668-BE54-9A1E7A4F7556}") = "Eazy.Credit.Security", "Eazy,Credit.Security\Eazy.Credit.Security.csproj", "{6130218B-8EB5-4ED8-B26C-FB1B8ED6BF21}"
EndProject
Project("{9A19103F-16F7-4668-BE54-9A1E7A4F7556}") = "Eazy.Credit.API", "Eazy.Credit.API\Eazy.Credit.API.csproj", "{313BFE15-990F-413E-98B7-C507A83CE87A}"
EndProject
Project("{9A19103F-16F7-4668-BE54-9A1E7A4F7556}") = "EazyCoreObjs", "EazyCoreObjs\EazyCoreObjs.csproj", "{494FF567-1CC0-4943-BD2A-2AA24C717FB0}"
EndProject
Global
	GlobalSection(SolutionConfigurationPlatforms) = preSolution
		Debug|Any CPU = Debug|Any CPU
		Release|Any CPU = Release|Any CPU
	EndGlobalSection
	GlobalSection(ProjectConfigurationPlatforms) = postSolution
		{6130218B-8EB5-4ED8-B26C-FB1B8ED6BF21}.Debug|Any CPU.ActiveCfg = Debug|Any CPU
		{6130218B-8EB5-4ED8-B26C-FB1B8ED6BF21}.Debug|Any CPU.Build.0 = Debug|Any CPU
		{6130218B-8EB5-4ED8-B26C-FB1B8ED6BF21}.Release|Any CPU.ActiveCfg = Release|Any CPU
		{6130218B-8EB5-4ED8-B26C-FB1B8ED6BF21}.Release|Any CPU.Build.0 = Release|Any CPU
		{313BFE15-990F-413E-98B7-C507A83CE87A}.Debug|Any CPU.ActiveCfg = Debug|Any CPU
		{313BFE15-990F-413E-98B7-C507A83CE87A}.Debug|Any CPU.Build.0 = Debug|Any CPU
		{313BFE15-990F-413E-98B7-C507A83CE87A}.Release|Any CPU.ActiveCfg = Release|Any CPU
		{313BFE15-990F-413E-98B7-C507A83CE87A}.Release|Any CPU.Build.0 = Release|Any CPU
		{494FF567-1CC0-4943-BD2A-2AA24C717FB0}.Debug|Any CPU.ActiveCfg = Debug|Any CPU
		{494FF567-1CC0-4943-BD2A-2AA24C717FB0}.Debug|Any CPU.Build.0 = Debug|Any CPU
		{494FF567-1CC0-4943-BD2A-2AA24C717FB0}.Release|Any CPU.ActiveCfg = Release|Any CPU
		{494FF567-1CC0-4943-BD2A-2AA24C717FB0}.Release|Any CPU.Build.0 = Release|Any CPU
	EndGlobalSection
	GlobalSection(SolutionProperties) = preSolution
		HideSolutionNode = FALSE
	EndGlobalSection
	GlobalSection(ExtensibilityGlobals) = postSolution
		SolutionGuid = {840B227B-435D-4F24-AF0C-E089A35E9959}
	EndGlobalSection
EndGlobal
